<?xml version="1.0" encoding="utf-8"?>
<Project ToolsVersion="4.0" xmlns="http://schemas.microsoft.com/developer/msbuild/2003">
  <ItemGroup>
    <Filter Include="Source Files">
      <UniqueIdentifier>{4FC737F1-C7A5-4376-A066-2A32D752A2FF}</UniqueIdentifier>
      <Extensions>cpp;c;cc;cxx;def;odl;idl;hpj;bat;asm;asmx</Extensions>
    </Filter>
    <Filter Include="Common">
      <UniqueIdentifier>{27154ec3-d493-4dcc-b1c0-b4f7ea15ca94}</UniqueIdentifier>
    </Filter>
    <Filter Include="Host">
      <UniqueIdentifier>{011e895c-63d5-432f-b2d9-ef292be55c2b}</UniqueIdentifier>
    </Filter>
  </ItemGroup>
  <ItemGroup>
    <ClCompile Include="secube-wrapper.c">
      <Filter>Source Files</Filter>
    </ClCompile>
    <ClCompile Include="..\..\src\Common\aes256.c">
      <Filter>Common</Filter>
    </ClCompile>
    <ClCompile Include="..\..\src\Common\crc16.c">
      <Filter>Common</Filter>
    </ClCompile>
    <ClCompile Include="..\..\src\Common\pbkdf2.c">
      <Filter>Common</Filter>
    </ClCompile>
    <ClCompile Include="..\..\src\Common\se3_common.c">
      <Filter>Common</Filter>
    </ClCompile>
    <ClCompile Include="..\..\src\Common\sha256.c">
      <Filter>Common</Filter>
    </ClCompile>
    <ClCompile Include="..\..\src\Host\L0.c">
      <Filter>Host</Filter>
    </ClCompile>
    <ClCompile Include="..\..\src\Host\L1.c">
      <Filter>Host</Filter>
    </ClCompile>
    <ClCompile Include="..\..\src\Host\se3comm.c">
      <Filter>Host</Filter>
    </ClCompile>
  </ItemGroup>
  <ItemGroup>
    <ClInclude Include="..\..\src\Common\aes256.h">
      <Filter>Common</Filter>
    </ClInclude>
    <ClInclude Include="..\..\src\Common\crc16.h">
      <Filter>Common</Filter>
    </ClInclude>
    <ClInclude Include="..\..\src\Common\pbkdf2.h">
      <Filter>Common</Filter>
    </ClInclude>
    <ClInclude Include="..\..\src\Common\se3_common.h">
      <Filter>Common</Filter>
    </ClInclude>
    <ClInclude Include="..\..\src\Common\se3c0def.h">
      <Filter>Common</Filter>
    </ClInclude>
    <ClInclude Include="..\..\src\Common\se3c1def.h">
      <Filter>Common</Filter>
    </ClInclude>
    <ClInclude Include="..\..\src\Common\sha256.h">
      <Filter>Common</Filter>
    </ClInclude>
    <ClInclude Include="..\..\src\Host\L0.h">
      <Filter>Host</Filter>
    </ClInclude>
    <ClInclude Include="..\..\src\Host\L1.h">
      <Filter>Host</Filter>
    </ClInclude>
    <ClInclude Include="..\..\src\Host\se3comm.h">
      <Filter>Host</Filter>
    </ClInclude>
  </ItemGroup>
  <ItemGroup>
    <None Include="exports.def">
      <Filter>Source Files</Filter>
    </None>
  </ItemGroup>
</Project>